
Microsoft Visual Studio Solution File, Format Version 12.00
# Visual Studio Version 17
VisualStudioVersion = 17.10.35013.160
MinimumVisualStudioVersion = 10.0.40219.1
Project("{9A19103F-16F7-4668-BE54-9A1E7A4F7556}") = "6-DapperBenchmark", "6-DapperBenchmark\6-DapperBenchmark.csproj", "{E94D7FDE-5E35-46E4-8B8F-71A04C8BF162}"
EndProject
Project("{FAE04EC0-301F-11D3-BF4B-00C04F79EFBC}") = "1-Querying", "1-Querying\1-Querying.csproj", "{55C340AA-5D9A-40F5-91F8-116F6950B49A}"
EndProject
Project("{FAE04EC0-301F-11D3-BF4B-00C04F79EFBC}") = "2-Non-Query", "2-Non-Query\2-Non-Query.csproj", "{64D916B8-A308-4882-8EDF-AB1899ACBD78}"
EndProject
Global
	GlobalSection(SolutionConfigurationPlatforms) = preSolution
		Debug|Any CPU = Debug|Any CPU
		Release|Any CPU = Release|Any CPU
	EndGlobalSection
	GlobalSection(ProjectConfigurationPlatforms) = postSolution
		{E94D7FDE-5E35-46E4-8B8F-71A04C8BF162}.Debug|Any CPU.ActiveCfg = Release|Any CPU
		{E94D7FDE-5E35-46E4-8B8F-71A04C8BF162}.Debug|Any CPU.Build.0 = Release|Any CPU
		{E94D7FDE-5E35-46E4-8B8F-71A04C8BF162}.Release|Any CPU.ActiveCfg = Release|Any CPU
		{E94D7FDE-5E35-46E4-8B8F-71A04C8BF162}.Release|Any CPU.Build.0 = Release|Any CPU
		{55C340AA-5D9A-40F5-91F8-116F6950B49A}.Debug|Any CPU.ActiveCfg = Debug|Any CPU
		{55C340AA-5D9A-40F5-91F8-116F6950B49A}.Debug|Any CPU.Build.0 = Debug|Any CPU
		{55C340AA-5D9A-40F5-91F8-116F6950B49A}.Release|Any CPU.ActiveCfg = Release|Any CPU
		{55C340AA-5D9A-40F5-91F8-116F6950B49A}.Release|Any CPU.Build.0 = Release|Any CPU
		{64D916B8-A308-4882-8EDF-AB1899ACBD78}.Debug|Any CPU.ActiveCfg = Debug|Any CPU
		{64D916B8-A308-4882-8EDF-AB1899ACBD78}.Debug|Any CPU.Build.0 = Debug|Any CPU
		{64D916B8-A308-4882-8EDF-AB1899ACBD78}.Release|Any CPU.ActiveCfg = Release|Any CPU
		{64D916B8-A308-4882-8EDF-AB1899ACBD78}.Release|Any CPU.Build.0 = Release|Any CPU
	EndGlobalSection
	GlobalSection(SolutionProperties) = preSolution
		HideSolutionNode = FALSE
	EndGlobalSection
	GlobalSection(ExtensibilityGlobals) = postSolution
		SolutionGuid = {5D055834-BA7C-4F25-8849-6C92EA35A93E}
	EndGlobalSection
EndGlobal
